{
  "version": "4",
  "specifiers": {
    "npm:@deno/vite-plugin@1": "1.0.1_vite@5.4.11",
    "npm:@react-three/drei@^9.119.0": "9.119.0_@react-three+fiber@8.17.10__react@18.3.1__react-dom@18.3.1___react@18.3.1__three@0.171.0_react@18.3.1_react-dom@18.3.1__react@18.3.1_three@0.171.0_@types+three@0.170.0_@types+react@18.3.12",
    "npm:@react-three/fiber@^8.17.10": "8.17.10_react@18.3.1_react-dom@18.3.1__react@18.3.1_three@0.171.0",
    "npm:@tailwindcss/vite@^4.0.0-beta.4": "4.0.0-beta.4_vite@5.4.11__@types+node@22.5.4__lightningcss@1.28.2_@types+node@22.5.4_lightningcss@1.28.2",
    "npm:@types/node@*": "22.5.4",
    "npm:@types/react-dom@^18.3.1": "18.3.1",
    "npm:@types/react@^18.3.12": "18.3.12",
    "npm:@types/three@0.170": "0.170.0",
    "npm:@vitejs/plugin-react-swc@^3.7.1": "3.7.2_vite@6.0.2",
    "npm:react-dom@^18.3.1": "18.3.1_react@18.3.1",
    "npm:react@^18.3.1": "18.3.1",
    "npm:tailwindcss@^4.0.0-beta.4": "4.0.0-beta.4",
    "npm:three@0.171": "0.171.0",
    "npm:vite@*": "6.0.2",
    "npm:vite@^6.0.1": "6.0.2"
  },
  "npm": {
    "@ampproject/remapping@2.3.0": {
      "integrity": "sha512-30iZtAPgz+LTIYoeivqYo853f02jBYSd5uGnGpkFV0M3xOt9aN73erkgYAmZU43x4VfqcnLxW9Kpg3R5LC4YYw==",
      "dependencies": [
        "@jridgewell/gen-mapping",
        "@jridgewell/trace-mapping"
      ]
    },
    "@babel/runtime@7.26.0": {
      "integrity": "sha512-FDSOghenHTiToteC/QRlv2q3DhPZ/oOXTBoirfWNx1Cx3TMVcGWQtMMmQcSvb/JjpNeGzx8Pq/b4fKEJuWm1sw==",
      "dependencies": [
        "regenerator-runtime"
      ]
    },
    "@deno/vite-plugin@1.0.1_vite@5.4.11": {
      "integrity": "sha512-w5drKBzKrUuV3xXfW+kkVxFpAlLELTwpLmN8Fwzw21wCew8SaR/AXPYbpUvIxdl8P61J52ufUez/kSalOD5sKA==",
      "dependencies": [
        "vite@5.4.11"
      ]
    },
    "@esbuild/aix-ppc64@0.21.5": {
      "integrity": "sha512-1SDgH6ZSPTlggy1yI6+Dbkiz8xzpHJEVAlF/AM1tHPLsf5STom9rwtjE4hKAF20FfXXNTFqEYXyJNWh1GiZedQ=="
    },
    "@esbuild/aix-ppc64@0.24.0": {
      "integrity": "sha512-WtKdFM7ls47zkKHFVzMz8opM7LkcsIp9amDUBIAWirg70RM71WRSjdILPsY5Uv1D42ZpUfaPILDlfactHgsRkw=="
    },
    "@esbuild/android-arm64@0.21.5": {
      "integrity": "sha512-c0uX9VAUBQ7dTDCjq+wdyGLowMdtR/GoC2U5IYk/7D1H1JYC0qseD7+11iMP2mRLN9RcCMRcjC4YMclCzGwS/A=="
    },
    "@esbuild/android-arm64@0.24.0": {
      "integrity": "sha512-Vsm497xFM7tTIPYK9bNTYJyF/lsP590Qc1WxJdlB6ljCbdZKU9SY8i7+Iin4kyhV/KV5J2rOKsBQbB77Ab7L/w=="
    },
    "@esbuild/android-arm@0.21.5": {
      "integrity": "sha512-vCPvzSjpPHEi1siZdlvAlsPxXl7WbOVUBBAowWug4rJHb68Ox8KualB+1ocNvT5fjv6wpkX6o/iEpbDrf68zcg=="
    },
    "@esbuild/android-arm@0.24.0": {
      "integrity": "sha512-arAtTPo76fJ/ICkXWetLCc9EwEHKaeya4vMrReVlEIUCAUncH7M4bhMQ+M9Vf+FFOZJdTNMXNBrWwW+OXWpSew=="
    },
    "@esbuild/android-x64@0.21.5": {
      "integrity": "sha512-D7aPRUUNHRBwHxzxRvp856rjUHRFW1SdQATKXH2hqA0kAZb1hKmi02OpYRacl0TxIGz/ZmXWlbZgjwWYaCakTA=="
    },
    "@esbuild/android-x64@0.24.0": {
      "integrity": "sha512-t8GrvnFkiIY7pa7mMgJd7p8p8qqYIz1NYiAoKc75Zyv73L3DZW++oYMSHPRarcotTKuSs6m3hTOa5CKHaS02TQ=="
    },
    "@esbuild/darwin-arm64@0.21.5": {
      "integrity": "sha512-DwqXqZyuk5AiWWf3UfLiRDJ5EDd49zg6O9wclZ7kUMv2WRFr4HKjXp/5t8JZ11QbQfUS6/cRCKGwYhtNAY88kQ=="
    },
    "@esbuild/darwin-arm64@0.24.0": {
      "integrity": "sha512-CKyDpRbK1hXwv79soeTJNHb5EiG6ct3efd/FTPdzOWdbZZfGhpbcqIpiD0+vwmpu0wTIL97ZRPZu8vUt46nBSw=="
    },
    "@esbuild/darwin-x64@0.21.5": {
      "integrity": "sha512-se/JjF8NlmKVG4kNIuyWMV/22ZaerB+qaSi5MdrXtd6R08kvs2qCN4C09miupktDitvh8jRFflwGFBQcxZRjbw=="
    },
    "@esbuild/darwin-x64@0.24.0": {
      "integrity": "sha512-rgtz6flkVkh58od4PwTRqxbKH9cOjaXCMZgWD905JOzjFKW+7EiUObfd/Kav+A6Gyud6WZk9w+xu6QLytdi2OA=="
    },
    "@esbuild/freebsd-arm64@0.21.5": {
      "integrity": "sha512-5JcRxxRDUJLX8JXp/wcBCy3pENnCgBR9bN6JsY4OmhfUtIHe3ZW0mawA7+RDAcMLrMIZaf03NlQiX9DGyB8h4g=="
    },
    "@esbuild/freebsd-arm64@0.24.0": {
      "integrity": "sha512-6Mtdq5nHggwfDNLAHkPlyLBpE5L6hwsuXZX8XNmHno9JuL2+bg2BX5tRkwjyfn6sKbxZTq68suOjgWqCicvPXA=="
    },
    "@esbuild/freebsd-x64@0.21.5": {
      "integrity": "sha512-J95kNBj1zkbMXtHVH29bBriQygMXqoVQOQYA+ISs0/2l3T9/kj42ow2mpqerRBxDJnmkUDCaQT/dfNXWX/ZZCQ=="
    },
    "@esbuild/freebsd-x64@0.24.0": {
      "integrity": "sha512-D3H+xh3/zphoX8ck4S2RxKR6gHlHDXXzOf6f/9dbFt/NRBDIE33+cVa49Kil4WUjxMGW0ZIYBYtaGCa2+OsQwQ=="
    },
    "@esbuild/linux-arm64@0.21.5": {
      "integrity": "sha512-ibKvmyYzKsBeX8d8I7MH/TMfWDXBF3db4qM6sy+7re0YXya+K1cem3on9XgdT2EQGMu4hQyZhan7TeQ8XkGp4Q=="
    },
    "@esbuild/linux-arm64@0.24.0": {
      "integrity": "sha512-TDijPXTOeE3eaMkRYpcy3LarIg13dS9wWHRdwYRnzlwlA370rNdZqbcp0WTyyV/k2zSxfko52+C7jU5F9Tfj1g=="
    },
    "@esbuild/linux-arm@0.21.5": {
      "integrity": "sha512-bPb5AHZtbeNGjCKVZ9UGqGwo8EUu4cLq68E95A53KlxAPRmUyYv2D6F0uUI65XisGOL1hBP5mTronbgo+0bFcA=="
    },
    "@esbuild/linux-arm@0.24.0": {
      "integrity": "sha512-gJKIi2IjRo5G6Glxb8d3DzYXlxdEj2NlkixPsqePSZMhLudqPhtZ4BUrpIuTjJYXxvF9njql+vRjB2oaC9XpBw=="
    },
    "@esbuild/linux-ia32@0.21.5": {
      "integrity": "sha512-YvjXDqLRqPDl2dvRODYmmhz4rPeVKYvppfGYKSNGdyZkA01046pLWyRKKI3ax8fbJoK5QbxblURkwK/MWY18Tg=="
    },
    "@esbuild/linux-ia32@0.24.0": {
      "integrity": "sha512-K40ip1LAcA0byL05TbCQ4yJ4swvnbzHscRmUilrmP9Am7//0UjPreh4lpYzvThT2Quw66MhjG//20mrufm40mA=="
    },
    "@esbuild/linux-loong64@0.21.5": {
      "integrity": "sha512-uHf1BmMG8qEvzdrzAqg2SIG/02+4/DHB6a9Kbya0XDvwDEKCoC8ZRWI5JJvNdUjtciBGFQ5PuBlpEOXQj+JQSg=="
    },
    "@esbuild/linux-loong64@0.24.0": {
      "integrity": "sha512-0mswrYP/9ai+CU0BzBfPMZ8RVm3RGAN/lmOMgW4aFUSOQBjA31UP8Mr6DDhWSuMwj7jaWOT0p0WoZ6jeHhrD7g=="
    },
    "@esbuild/linux-mips64el@0.21.5": {
      "integrity": "sha512-IajOmO+KJK23bj52dFSNCMsz1QP1DqM6cwLUv3W1QwyxkyIWecfafnI555fvSGqEKwjMXVLokcV5ygHW5b3Jbg=="
    },
    "@esbuild/linux-mips64el@0.24.0": {
      "integrity": "sha512-hIKvXm0/3w/5+RDtCJeXqMZGkI2s4oMUGj3/jM0QzhgIASWrGO5/RlzAzm5nNh/awHE0A19h/CvHQe6FaBNrRA=="
    },
    "@esbuild/linux-ppc64@0.21.5": {
      "integrity": "sha512-1hHV/Z4OEfMwpLO8rp7CvlhBDnjsC3CttJXIhBi+5Aj5r+MBvy4egg7wCbe//hSsT+RvDAG7s81tAvpL2XAE4w=="
    },
    "@esbuild/linux-ppc64@0.24.0": {
      "integrity": "sha512-HcZh5BNq0aC52UoocJxaKORfFODWXZxtBaaZNuN3PUX3MoDsChsZqopzi5UupRhPHSEHotoiptqikjN/B77mYQ=="
    },
    "@esbuild/linux-riscv64@0.21.5": {
      "integrity": "sha512-2HdXDMd9GMgTGrPWnJzP2ALSokE/0O5HhTUvWIbD3YdjME8JwvSCnNGBnTThKGEB91OZhzrJ4qIIxk/SBmyDDA=="
    },
    "@esbuild/linux-riscv64@0.24.0": {
      "integrity": "sha512-bEh7dMn/h3QxeR2KTy1DUszQjUrIHPZKyO6aN1X4BCnhfYhuQqedHaa5MxSQA/06j3GpiIlFGSsy1c7Gf9padw=="
    },
    "@esbuild/linux-s390x@0.21.5": {
      "integrity": "sha512-zus5sxzqBJD3eXxwvjN1yQkRepANgxE9lgOW2qLnmr8ikMTphkjgXu1HR01K4FJg8h1kEEDAqDcZQtbrRnB41A=="
    },
    "@esbuild/linux-s390x@0.24.0": {
      "integrity": "sha512-ZcQ6+qRkw1UcZGPyrCiHHkmBaj9SiCD8Oqd556HldP+QlpUIe2Wgn3ehQGVoPOvZvtHm8HPx+bH20c9pvbkX3g=="
    },
    "@esbuild/linux-x64@0.21.5": {
      "integrity": "sha512-1rYdTpyv03iycF1+BhzrzQJCdOuAOtaqHTWJZCWvijKD2N5Xu0TtVC8/+1faWqcP9iBCWOmjmhoH94dH82BxPQ=="
    },
    "@esbuild/linux-x64@0.24.0": {
      "integrity": "sha512-vbutsFqQ+foy3wSSbmjBXXIJ6PL3scghJoM8zCL142cGaZKAdCZHyf+Bpu/MmX9zT9Q0zFBVKb36Ma5Fzfa8xA=="
    },
    "@esbuild/netbsd-x64@0.21.5": {
      "integrity": "sha512-Woi2MXzXjMULccIwMnLciyZH4nCIMpWQAs049KEeMvOcNADVxo0UBIQPfSmxB3CWKedngg7sWZdLvLczpe0tLg=="
    },
    "@esbuild/netbsd-x64@0.24.0": {
      "integrity": "sha512-hjQ0R/ulkO8fCYFsG0FZoH+pWgTTDreqpqY7UnQntnaKv95uP5iW3+dChxnx7C3trQQU40S+OgWhUVwCjVFLvg=="
    },
    "@esbuild/openbsd-arm64@0.24.0": {
      "integrity": "sha512-MD9uzzkPQbYehwcN583yx3Tu5M8EIoTD+tUgKF982WYL9Pf5rKy9ltgD0eUgs8pvKnmizxjXZyLt0z6DC3rRXg=="
    },
    "@esbuild/openbsd-x64@0.21.5": {
      "integrity": "sha512-HLNNw99xsvx12lFBUwoT8EVCsSvRNDVxNpjZ7bPn947b8gJPzeHWyNVhFsaerc0n3TsbOINvRP2byTZ5LKezow=="
    },
    "@esbuild/openbsd-x64@0.24.0": {
      "integrity": "sha512-4ir0aY1NGUhIC1hdoCzr1+5b43mw99uNwVzhIq1OY3QcEwPDO3B7WNXBzaKY5Nsf1+N11i1eOfFcq+D/gOS15Q=="
    },
    "@esbuild/sunos-x64@0.21.5": {
      "integrity": "sha512-6+gjmFpfy0BHU5Tpptkuh8+uw3mnrvgs+dSPQXQOv3ekbordwnzTVEb4qnIvQcYXq6gzkyTnoZ9dZG+D4garKg=="
    },
    "@esbuild/sunos-x64@0.24.0": {
      "integrity": "sha512-jVzdzsbM5xrotH+W5f1s+JtUy1UWgjU0Cf4wMvffTB8m6wP5/kx0KiaLHlbJO+dMgtxKV8RQ/JvtlFcdZ1zCPA=="
    },
    "@esbuild/win32-arm64@0.21.5": {
      "integrity": "sha512-Z0gOTd75VvXqyq7nsl93zwahcTROgqvuAcYDUr+vOv8uHhNSKROyU961kgtCD1e95IqPKSQKH7tBTslnS3tA8A=="
    },
    "@esbuild/win32-arm64@0.24.0": {
      "integrity": "sha512-iKc8GAslzRpBytO2/aN3d2yb2z8XTVfNV0PjGlCxKo5SgWmNXx82I/Q3aG1tFfS+A2igVCY97TJ8tnYwpUWLCA=="
    },
    "@esbuild/win32-ia32@0.21.5": {
      "integrity": "sha512-SWXFF1CL2RVNMaVs+BBClwtfZSvDgtL//G/smwAc5oVK/UPu2Gu9tIaRgFmYFFKrmg3SyAjSrElf0TiJ1v8fYA=="
    },
    "@esbuild/win32-ia32@0.24.0": {
      "integrity": "sha512-vQW36KZolfIudCcTnaTpmLQ24Ha1RjygBo39/aLkM2kmjkWmZGEJ5Gn9l5/7tzXA42QGIoWbICfg6KLLkIw6yw=="
    },
    "@esbuild/win32-x64@0.21.5": {
      "integrity": "sha512-tQd/1efJuzPC6rCFwEvLtci/xNFcTZknmXs98FYDfGE4wP9ClFV98nyKrzJKVPMhdDnjzLhdUyMX4PsQAPjwIw=="
    },
    "@esbuild/win32-x64@0.24.0": {
      "integrity": "sha512-7IAFPrjSQIJrGsK6flwg7NFmwBoSTyF3rl7If0hNUFQU4ilTsEPL6GuMuU9BfIWVVGuRnuIidkSMC+c0Otu8IA=="
    },
    "@jridgewell/gen-mapping@0.3.5": {
      "integrity": "sha512-IzL8ZoEDIBRWEzlCcRhOaCupYyN5gdIK+Q6fbFdPDg6HqX6jpkItn7DFIpW9LQzXG6Df9sA7+OKnq0qlz/GaQg==",
      "dependencies": [
        "@jridgewell/set-array",
        "@jridgewell/sourcemap-codec",
        "@jridgewell/trace-mapping"
      ]
    },
    "@jridgewell/resolve-uri@3.1.2": {
      "integrity": "sha512-bRISgCIjP20/tbWSPWMEi54QVPRZExkuD9lJL+UIxUKtwVJA8wW1Trb1jMs1RFXo1CBTNZ/5hpC9QvmKWdopKw=="
    },
    "@jridgewell/set-array@1.2.1": {
      "integrity": "sha512-R8gLRTZeyp03ymzP/6Lil/28tGeGEzhx1q2k703KGWRAI1VdvPIXdG70VJc2pAMw3NA6JKL5hhFu1sJX0Mnn/A=="
    },
    "@jridgewell/sourcemap-codec@1.5.0": {
      "integrity": "sha512-gv3ZRaISU3fjPAgNsriBRqGWQL6quFx04YMPW/zD8XMLsU32mhCCbfbO6KZFLjvYpCZ8zyDEgqsgf+PwPaM7GQ=="
    },
    "@jridgewell/trace-mapping@0.3.25": {
      "integrity": "sha512-vNk6aEwybGtawWmy/PzwnGDOjCkLWSD2wqvjGGAgOAwCGWySYXfYoxt00IJkTF+8Lb57DwOb3Aa0o9CApepiYQ==",
      "dependencies": [
        "@jridgewell/resolve-uri",
        "@jridgewell/sourcemap-codec"
      ]
    },
    "@mediapipe/tasks-vision@0.10.17": {
      "integrity": "sha512-CZWV/q6TTe8ta61cZXjfnnHsfWIdFhms03M9T7Cnd5y2mdpylJM0rF1qRq+wsQVRMLz1OYPVEBU9ph2Bx8cxrg=="
    },
    "@monogrid/gainmap-js@3.0.6_three@0.171.0": {
      "integrity": "sha512-ireqJg7cw0tUn/JePDG8rAL7RyXgUKSDbjYdiygkrnye1WuKGLAWDBwF/ICwCwJ9iZBAF5caU8gSu+c34HLGdQ==",
      "dependencies": [
        "promise-worker-transferable",
        "three"
      ]
    },
    "@react-spring/animated@9.7.5_react@18.3.1": {
      "integrity": "sha512-Tqrwz7pIlsSDITzxoLS3n/v/YCUHQdOIKtOJf4yL6kYVSDTSmVK1LI1Q3M/uu2Sx4X3pIWF3xLUhlsA6SPNTNg==",
      "dependencies": [
        "@react-spring/shared",
        "@react-spring/types",
        "react"
      ]
    },
    "@react-spring/core@9.7.5_react@18.3.1": {
      "integrity": "sha512-rmEqcxRcu7dWh7MnCcMXLvrf6/SDlSokLaLTxiPlAYi11nN3B5oiCUAblO72o+9z/87j2uzxa2Inm8UbLjXA+w==",
      "dependencies": [
        "@react-spring/animated",
        "@react-spring/shared",
        "@react-spring/types",
        "react"
      ]
    },
    "@react-spring/rafz@9.7.5": {
      "integrity": "sha512-5ZenDQMC48wjUzPAm1EtwQ5Ot3bLIAwwqP2w2owG5KoNdNHpEJV263nGhCeKKmuA3vG2zLLOdu3or6kuDjA6Aw=="
    },
    "@react-spring/shared@9.7.5_react@18.3.1": {
      "integrity": "sha512-wdtoJrhUeeyD/PP/zo+np2s1Z820Ohr/BbuVYv+3dVLW7WctoiN7std8rISoYoHpUXtbkpesSKuPIw/6U1w1Pw==",
      "dependencies": [
        "@react-spring/rafz",
        "@react-spring/types",
        "react"
      ]
    },
    "@react-spring/three@9.7.5_@react-three+fiber@8.17.10__react@18.3.1__react-dom@18.3.1___react@18.3.1__three@0.171.0_react@18.3.1_three@0.171.0_react-dom@18.3.1__react@18.3.1": {
      "integrity": "sha512-RxIsCoQfUqOS3POmhVHa1wdWS0wyHAUway73uRLp3GAL5U2iYVNdnzQsep6M2NZ994BlW8TcKuMtQHUqOsy6WA==",
      "dependencies": [
        "@react-spring/animated",
        "@react-spring/core",
        "@react-spring/shared",
        "@react-spring/types",
        "@react-three/fiber",
        "react",
        "three"
      ]
    },
    "@react-spring/types@9.7.5": {
      "integrity": "sha512-HVj7LrZ4ReHWBimBvu2SKND3cDVUPWKLqRTmWe/fNY6o1owGOX0cAHbdPDTMelgBlVbrTKrre6lFkhqGZErK/g=="
    },
    "@react-three/drei@9.119.0_@react-three+fiber@8.17.10__react@18.3.1__react-dom@18.3.1___react@18.3.1__three@0.171.0_react@18.3.1_react-dom@18.3.1__react@18.3.1_three@0.171.0_@types+three@0.170.0_@types+react@18.3.12": {
      "integrity": "sha512-vfxRFnyB7e9n6s7jtOd9dVUd0qe2Gm1WDaUt/C7fUFB0D9ivocUMX03w9g8V3EDc4TWdjvX9L2R7/cyscJC+xw==",
      "dependencies": [
        "@babel/runtime",
        "@mediapipe/tasks-vision",
        "@monogrid/gainmap-js",
        "@react-spring/three",
        "@react-three/fiber",
        "@use-gesture/react",
        "camera-controls",
        "cross-env",
        "detect-gpu",
        "glsl-noise",
        "hls.js",
        "maath",
        "meshline",
        "react",
        "react-composer",
        "react-dom",
        "stats-gl",
        "stats.js",
        "suspend-react",
        "three",
        "three-mesh-bvh",
        "three-stdlib",
        "troika-three-text",
        "tunnel-rat",
        "utility-types",
        "uuid",
        "zustand@5.0.1_@types+react@18.3.12_react@18.3.1"
      ]
    },
    "@react-three/fiber@8.17.10_react@18.3.1_react-dom@18.3.1__react@18.3.1_three@0.171.0": {
      "integrity": "sha512-S6bqa4DqUooEkInYv/W+Jklv2zjSYCXAhm6qKpAQyOXhTEt5gBXnA7W6aoJ0bjmp9pAeaSj/AZUoz1HCSof/uA==",
      "dependencies": [
        "@babel/runtime",
        "@types/debounce",
        "@types/react-reconciler@0.26.7",
        "@types/webxr",
        "base64-js",
        "buffer",
        "debounce",
        "its-fine",
        "react",
        "react-dom",
        "react-reconciler",
        "scheduler@0.21.0",
        "suspend-react",
        "three",
        "zustand@3.7.2_react@18.3.1"
      ]
    },
    "@rollup/rollup-android-arm-eabi@4.28.0": {
      "integrity": "sha512-wLJuPLT6grGZsy34g4N1yRfYeouklTgPhH1gWXCYspenKYD0s3cR99ZevOGw5BexMNywkbV3UkjADisozBmpPQ=="
    },
    "@rollup/rollup-android-arm64@4.28.0": {
      "integrity": "sha512-eiNkznlo0dLmVG/6wf+Ifi/v78G4d4QxRhuUl+s8EWZpDewgk7PX3ZyECUXU0Zq/Ca+8nU8cQpNC4Xgn2gFNDA=="
    },
    "@rollup/rollup-darwin-arm64@4.28.0": {
      "integrity": "sha512-lmKx9yHsppblnLQZOGxdO66gT77bvdBtr/0P+TPOseowE7D9AJoBw8ZDULRasXRWf1Z86/gcOdpBrV6VDUY36Q=="
    },
    "@rollup/rollup-darwin-x64@4.28.0": {
      "integrity": "sha512-8hxgfReVs7k9Js1uAIhS6zq3I+wKQETInnWQtgzt8JfGx51R1N6DRVy3F4o0lQwumbErRz52YqwjfvuwRxGv1w=="
    },
    "@rollup/rollup-freebsd-arm64@4.28.0": {
      "integrity": "sha512-lA1zZB3bFx5oxu9fYud4+g1mt+lYXCoch0M0V/xhqLoGatbzVse0wlSQ1UYOWKpuSu3gyN4qEc0Dxf/DII1bhQ=="
    },
    "@rollup/rollup-freebsd-x64@4.28.0": {
      "integrity": "sha512-aI2plavbUDjCQB/sRbeUZWX9qp12GfYkYSJOrdYTL/C5D53bsE2/nBPuoiJKoWp5SN78v2Vr8ZPnB+/VbQ2pFA=="
    },
    "@rollup/rollup-linux-arm-gnueabihf@4.28.0": {
      "integrity": "sha512-WXveUPKtfqtaNvpf0iOb0M6xC64GzUX/OowbqfiCSXTdi/jLlOmH0Ba94/OkiY2yTGTwteo4/dsHRfh5bDCZ+w=="
    },
    "@rollup/rollup-linux-arm-musleabihf@4.28.0": {
      "integrity": "sha512-yLc3O2NtOQR67lI79zsSc7lk31xjwcaocvdD1twL64PK1yNaIqCeWI9L5B4MFPAVGEVjH5k1oWSGuYX1Wutxpg=="
    },
    "@rollup/rollup-linux-arm64-gnu@4.28.0": {
      "integrity": "sha512-+P9G9hjEpHucHRXqesY+3X9hD2wh0iNnJXX/QhS/J5vTdG6VhNYMxJ2rJkQOxRUd17u5mbMLHM7yWGZdAASfcg=="
    },
    "@rollup/rollup-linux-arm64-musl@4.28.0": {
      "integrity": "sha512-1xsm2rCKSTpKzi5/ypT5wfc+4bOGa/9yI/eaOLW0oMs7qpC542APWhl4A37AENGZ6St6GBMWhCCMM6tXgTIplw=="
    },
    "@rollup/rollup-linux-powerpc64le-gnu@4.28.0": {
      "integrity": "sha512-zgWxMq8neVQeXL+ouSf6S7DoNeo6EPgi1eeqHXVKQxqPy1B2NvTbaOUWPn/7CfMKL7xvhV0/+fq/Z/J69g1WAQ=="
    },
    "@rollup/rollup-linux-riscv64-gnu@4.28.0": {
      "integrity": "sha512-VEdVYacLniRxbRJLNtzwGt5vwS0ycYshofI7cWAfj7Vg5asqj+pt+Q6x4n+AONSZW/kVm+5nklde0qs2EUwU2g=="
    },
    "@rollup/rollup-linux-s390x-gnu@4.28.0": {
      "integrity": "sha512-LQlP5t2hcDJh8HV8RELD9/xlYtEzJkm/aWGsauvdO2ulfl3QYRjqrKW+mGAIWP5kdNCBheqqqYIGElSRCaXfpw=="
    },
    "@rollup/rollup-linux-x64-gnu@4.28.0": {
      "integrity": "sha512-Nl4KIzteVEKE9BdAvYoTkW19pa7LR/RBrT6F1dJCV/3pbjwDcaOq+edkP0LXuJ9kflW/xOK414X78r+K84+msw=="
    },
    "@rollup/rollup-linux-x64-musl@4.28.0": {
      "integrity": "sha512-eKpJr4vBDOi4goT75MvW+0dXcNUqisK4jvibY9vDdlgLx+yekxSm55StsHbxUsRxSTt3JEQvlr3cGDkzcSP8bw=="
    },
    "@rollup/rollup-win32-arm64-msvc@4.28.0": {
      "integrity": "sha512-Vi+WR62xWGsE/Oj+mD0FNAPY2MEox3cfyG0zLpotZdehPFXwz6lypkGs5y38Jd/NVSbOD02aVad6q6QYF7i8Bg=="
    },
    "@rollup/rollup-win32-ia32-msvc@4.28.0": {
      "integrity": "sha512-kN/Vpip8emMLn/eOza+4JwqDZBL6MPNpkdaEsgUtW1NYN3DZvZqSQrbKzJcTL6hd8YNmFTn7XGWMwccOcJBL0A=="
    },
    "@rollup/rollup-win32-x64-msvc@4.28.0": {
      "integrity": "sha512-Bvno2/aZT6usSa7lRDL2+hMjVAGjuqaymF1ApZm31JXzniR/hvr14jpU+/z4X6Gt5BPlzosscyJZGUvguXIqeQ=="
    },
    "@swc/core-darwin-arm64@1.9.3": {
      "integrity": "sha512-hGfl/KTic/QY4tB9DkTbNuxy5cV4IeejpPD4zo+Lzt4iLlDWIeANL4Fkg67FiVceNJboqg48CUX+APhDHO5G1w=="
    },
    "@swc/core-darwin-x64@1.9.3": {
      "integrity": "sha512-IaRq05ZLdtgF5h9CzlcgaNHyg4VXuiStnOFpfNEMuI5fm5afP2S0FHq8WdakUz5WppsbddTdplL+vpeApt/WCQ=="
    },
    "@swc/core-linux-arm-gnueabihf@1.9.3": {
      "integrity": "sha512-Pbwe7xYprj/nEnZrNBvZfjnTxlBIcfApAGdz2EROhjpPj+FBqBa3wOogqbsuGGBdCphf8S+KPprL1z+oDWkmSQ=="
    },
    "@swc/core-linux-arm64-gnu@1.9.3": {
      "integrity": "sha512-AQ5JZiwNGVV/2K2TVulg0mw/3LYfqpjZO6jDPtR2evNbk9Yt57YsVzS+3vHSlUBQDRV9/jqMuZYVU3P13xrk+g=="
    },
    "@swc/core-linux-arm64-musl@1.9.3": {
      "integrity": "sha512-tzVH480RY6RbMl/QRgh5HK3zn1ZTFsThuxDGo6Iuk1MdwIbdFYUY034heWUTI4u3Db97ArKh0hNL0xhO3+PZdg=="
    },
    "@swc/core-linux-x64-gnu@1.9.3": {
      "integrity": "sha512-ivXXBRDXDc9k4cdv10R21ccBmGebVOwKXT/UdH1PhxUn9m/h8erAWjz5pcELwjiMf27WokqPgaWVfaclDbgE+w=="
    },
    "@swc/core-linux-x64-musl@1.9.3": {
      "integrity": "sha512-ILsGMgfnOz1HwdDz+ZgEuomIwkP1PHT6maigZxaCIuC6OPEhKE8uYna22uU63XvYcLQvZYDzpR3ms47WQPuNEg=="
    },
    "@swc/core-win32-arm64-msvc@1.9.3": {
      "integrity": "sha512-e+XmltDVIHieUnNJHtspn6B+PCcFOMYXNJB1GqoCcyinkEIQNwC8KtWgMqUucUbEWJkPc35NHy9k8aCXRmw9Kg=="
    },
    "@swc/core-win32-ia32-msvc@1.9.3": {
      "integrity": "sha512-rqpzNfpAooSL4UfQnHhkW8aL+oyjqJniDP0qwZfGnjDoJSbtPysHg2LpcOBEdSnEH+uIZq6J96qf0ZFD8AGfXA=="
    },
    "@swc/core-win32-x64-msvc@1.9.3": {
      "integrity": "sha512-3YJJLQ5suIEHEKc1GHtqVq475guiyqisKSoUnoaRtxkDaW5g1yvPt9IoSLOe2mRs7+FFhGGU693RsBUSwOXSdQ=="
    },
    "@swc/core@1.9.3": {
      "integrity": "sha512-oRj0AFePUhtatX+BscVhnzaAmWjpfAeySpM1TCbxA1rtBDeH/JDhi5yYzAKneDYtVtBvA7ApfeuzhMC9ye4xSg==",
      "dependencies": [
        "@swc/core-darwin-arm64",
        "@swc/core-darwin-x64",
        "@swc/core-linux-arm-gnueabihf",
        "@swc/core-linux-arm64-gnu",
        "@swc/core-linux-arm64-musl",
        "@swc/core-linux-x64-gnu",
        "@swc/core-linux-x64-musl",
        "@swc/core-win32-arm64-msvc",
        "@swc/core-win32-ia32-msvc",
        "@swc/core-win32-x64-msvc",
        "@swc/counter",
        "@swc/types"
      ]
    },
    "@swc/counter@0.1.3": {
      "integrity": "sha512-e2BR4lsJkkRlKZ/qCHPw9ZaSxc0MVUd7gtbtaB7aMvHeJVYe8sOB8DBZkP2DtISHGSku9sCK6T6cnY0CtXrOCQ=="
    },
    "@swc/types@0.1.17": {
      "integrity": "sha512-V5gRru+aD8YVyCOMAjMpWR1Ui577DD5KSJsHP8RAxopAH22jFz6GZd/qxqjO6MJHQhcsjvjOFXyDhyLQUnMveQ==",
      "dependencies": [
        "@swc/counter"
      ]
    },
    "@tailwindcss/node@4.0.0-beta.4": {
      "integrity": "sha512-NAPhQ6BcjXUqI+QFtzYHTcoqX4ACGNZl69NfMIDCCTvmPZ761sdvX8cy3LyeJEZDyfyoBT5vzjzfWeNZR7Y+KA==",
      "dependencies": [
        "enhanced-resolve",
        "jiti",
        "tailwindcss"
      ]
    },
    "@tailwindcss/oxide-android-arm64@4.0.0-beta.4": {
      "integrity": "sha512-r/MBScgeBZXE1xkZ+mw8/QybAlTOEzSJ6Jo9W9YCaqy+6S0Iaeo6CmwOPBrtX4/nlHm/v3hcmQWnaeJDQJMkTg=="
    },
    "@tailwindcss/oxide-darwin-arm64@4.0.0-beta.4": {
      "integrity": "sha512-snm+1FmjU59X/2kCgryBlbGYEwJ945cC48XkN78pZIxYn/V7LNukGvDlIKgVJ6GxU4iiac7pk149ZyFZ7Ukj4Q=="
    },
    "@tailwindcss/oxide-darwin-x64@4.0.0-beta.4": {
      "integrity": "sha512-BRbp+1WSExBCHnBK3EmTmmweM04UhpegOjjQbWDADrklhNU7juYNiu/4RN7A74ndweeopKuYB8gvMrdGlAEeuA=="
    },
    "@tailwindcss/oxide-freebsd-x64@4.0.0-beta.4": {
      "integrity": "sha512-HO6cclVvp1JueqleUfYpLFK41lnI/5/oqwkftZQ5LNF0fwp8sQm2cEh7GTCj2hwTIUnHbxmSmrg1MZL1/yoVgA=="
    },
    "@tailwindcss/oxide-linux-arm-gnueabihf@4.0.0-beta.4": {
      "integrity": "sha512-Z6xUcakkJZGySTce0QqfbNdLRK4cUNmilvDd69q+8Ep+Vxqy+x5bkCweAf7b+lJsUe6mjclT2EP1ouMvqegnQQ=="
    },
    "@tailwindcss/oxide-linux-arm64-gnu@4.0.0-beta.4": {
      "integrity": "sha512-hr9AbxrsAXWjZp8iIcQes7eIfMnSgUS6qA/SbcxFfvmte/BHUSuSxa21OZpFRVYFcQ/BIqLA1hU27fvfZZq4JQ=="
    },
    "@tailwindcss/oxide-linux-arm64-musl@4.0.0-beta.4": {
      "integrity": "sha512-b//iI94Eo29LqzAOBfFt1m3bM1CF9NU3K59o3ikAwM6kdxmPQoc7TBpcrEh3lKomJ1Ejj0M95022YqksY7O8gQ=="
    },
    "@tailwindcss/oxide-linux-x64-gnu@4.0.0-beta.4": {
      "integrity": "sha512-xqK6amSCZpEpWbuN0WYDlaOir7n2NjD2jtnVZ5eWpnw4kkjzu0kmVqN9PaWdejZUKVfvEy7Ldbmcos9MpQhi4g=="
    },
    "@tailwindcss/oxide-linux-x64-musl@4.0.0-beta.4": {
      "integrity": "sha512-9V3CtBJ+oBxeppvBUvfZ2NbsrgKkLDIVrF4jUcpj3Md4rdpW6mIRWxqzEY1uT9JZlFr4YmVx6Auax+32BUtD2A=="
    },
    "@tailwindcss/oxide-win32-arm64-msvc@4.0.0-beta.4": {
      "integrity": "sha512-MYfGNg1nikym/F2aCx0ni5ZWKsChVwWTsjgmDo9ZOiqhWE/7yeX0Ej+lugEh4gPHyUpcMbeTZySZx0OJ8o+X1Q=="
    },
    "@tailwindcss/oxide-win32-x64-msvc@4.0.0-beta.4": {
      "integrity": "sha512-hCMihksJD5odhAm+SLFNk75etPRK+QjyMIPMryUI7na6kvB8OaTH4gRBIO27GvRk2q1Zm2sqn4JoYy2auuoAAA=="
    },
    "@tailwindcss/oxide@4.0.0-beta.4": {
      "integrity": "sha512-yYZ069LXAEOrQt3SwYV+PhwsGBM0qo7ofsOF5BDrju9Nsz+X0z9NCF9fvc6zJ11wX1bSVuiyLbwIS4P9rVT8hg==",
      "dependencies": [
        "@tailwindcss/oxide-android-arm64",
        "@tailwindcss/oxide-darwin-arm64",
        "@tailwindcss/oxide-darwin-x64",
        "@tailwindcss/oxide-freebsd-x64",
        "@tailwindcss/oxide-linux-arm-gnueabihf",
        "@tailwindcss/oxide-linux-arm64-gnu",
        "@tailwindcss/oxide-linux-arm64-musl",
        "@tailwindcss/oxide-linux-x64-gnu",
        "@tailwindcss/oxide-linux-x64-musl",
        "@tailwindcss/oxide-win32-arm64-msvc",
        "@tailwindcss/oxide-win32-x64-msvc"
      ]
    },
    "@tailwindcss/vite@4.0.0-beta.4_vite@5.4.11__@types+node@22.5.4__lightningcss@1.28.2_@types+node@22.5.4_lightningcss@1.28.2": {
      "integrity": "sha512-VpexhM1fzmhT3KfviF3BAOeJ5p0Pc0wW6QkTUI+aiRlIHtaPI9QxNrOvLgkLSqGxucb78ERA0eI2hrcAN6gjWA==",
      "dependencies": [
        "@tailwindcss/node",
        "@tailwindcss/oxide",
        "lightningcss",
        "svelte-preprocess",
        "tailwindcss",
        "vite@5.4.11_@types+node@22.5.4_lightningcss@1.28.2"
      ]
    },
    "@tweenjs/tween.js@23.1.3": {
      "integrity": "sha512-vJmvvwFxYuGnF2axRtPYocag6Clbb5YS7kLL+SO/TeVFzHqDIWrNKYtcsPMibjDx9O+bu+psAy9NKfWklassUA=="
    },
    "@types/debounce@1.2.4": {
      "integrity": "sha512-jBqiORIzKDOToaF63Fm//haOCHuwQuLa2202RK4MozpA6lh93eCBc+/8+wZn5OzjJt3ySdc+74SXWXB55Ewtyw=="
    },
    "@types/draco3d@1.4.10": {
      "integrity": "sha512-AX22jp8Y7wwaBgAixaSvkoG4M/+PlAcm3Qs4OW8yT9DM4xUpWKeFhLueTAyZF39pviAdcDdeJoACapiAceqNcw=="
    },
    "@types/estree@1.0.6": {
      "integrity": "sha512-AYnb1nQyY49te+VRAVgmzfcgjYS91mY5P0TKUDCLEM+gNnA+3T6rWITXRLYCpahpqSQbN5cE+gHpnPyXjHWxcw=="
    },
    "@types/node@22.5.4": {
      "integrity": "sha512-FDuKUJQm/ju9fT/SeX/6+gBzoPzlVCzfzmGkwKvRHQVxi4BntVbyIwf6a4Xn62mrvndLiml6z/UBXIdEVjQLXg==",
      "dependencies": [
        "undici-types"
      ]
    },
    "@types/offscreencanvas@2019.7.3": {
      "integrity": "sha512-ieXiYmgSRXUDeOntE1InxjWyvEelZGP63M+cGuquuRLuIKKT1osnkXjxev9B7d1nXSug5vpunx+gNlbVxMlC9A=="
    },
    "@types/prop-types@15.7.13": {
      "integrity": "sha512-hCZTSvwbzWGvhqxp/RqVqwU999pBf2vp7hzIjiYOsl8wqOmUxkQ6ddw1cV3l8811+kdUFus/q4d1Y3E3SyEifA=="
    },
    "@types/react-dom@18.3.1": {
      "integrity": "sha512-qW1Mfv8taImTthu4KoXgDfLuk4bydU6Q/TkADnDWWHwi4NX4BR+LWfTp2sVmTqRrsHvyDDTelgelxJ+SsejKKQ==",
      "dependencies": [
        "@types/react"
      ]
    },
    "@types/react-reconciler@0.26.7": {
      "integrity": "sha512-mBDYl8x+oyPX/VBb3E638N0B7xG+SPk/EAMcVPeexqus/5aTpTphQi0curhhshOqRrc9t6OPoJfEUkbymse/lQ==",
      "dependencies": [
        "@types/react"
      ]
    },
    "@types/react-reconciler@0.28.8": {
      "integrity": "sha512-SN9c4kxXZonFhbX4hJrZy37yw9e7EIxcpHCxQv5JUS18wDE5ovkQKlqQEkufdJCCMfuI9BnjUJvhYeJ9x5Ra7g==",
      "dependencies": [
        "@types/react"
      ]
    },
    "@types/react@18.3.12": {
      "integrity": "sha512-D2wOSq/d6Agt28q7rSI3jhU7G6aiuzljDGZ2hTZHIkrTLUI+AF3WMeKkEZ9nN2fkBAlcktT6vcZjDFiIhMYEQw==",
      "dependencies": [
        "@types/prop-types",
        "csstype"
      ]
    },
    "@types/stats.js@0.17.3": {
      "integrity": "sha512-pXNfAD3KHOdif9EQXZ9deK82HVNaXP5ZIF5RP2QG6OQFNTaY2YIetfrE9t528vEreGQvEPRDDc8muaoYeK0SxQ=="
    },
    "@types/three@0.170.0": {
      "integrity": "sha512-CUm2uckq+zkCY7ZbFpviRttY+6f9fvwm6YqSqPfA5K22s9w7R4VnA3rzJse8kHVvuzLcTx+CjNCs2NYe0QFAyg==",
      "dependencies": [
        "@tweenjs/tween.js",
        "@types/stats.js",
        "@types/webxr",
        "@webgpu/types",
        "fflate@0.8.2",
        "meshoptimizer"
      ]
    },
    "@types/webxr@0.5.20": {
      "integrity": "sha512-JGpU6qiIJQKUuVSKx1GtQnHJGxRjtfGIhzO2ilq43VZZS//f1h1Sgexbdk+Lq+7569a6EYhOWrUpIruR/1Enmg=="
    },
    "@use-gesture/core@10.3.1": {
      "integrity": "sha512-WcINiDt8WjqBdUXye25anHiNxPc0VOrlT8F6LLkU6cycrOGUDyY/yyFmsg3k8i5OLvv25llc0QC45GhR/C8llw=="
    },
    "@use-gesture/react@10.3.1_react@18.3.1": {
      "integrity": "sha512-Yy19y6O2GJq8f7CHf7L0nxL8bf4PZCPaVOCgJrusOeFHY1LvHgYXnmnXg6N5iwAnbgbZCDjo60SiM6IPJi9C5g==",
      "dependencies": [
        "@use-gesture/core",
        "react"
      ]
    },
    "@vitejs/plugin-react-swc@3.7.2_vite@6.0.2": {
      "integrity": "sha512-y0byko2b2tSVVf5Gpng1eEhX1OvPC7x8yns1Fx8jDzlJp4LS6CMkCPfLw47cjyoMrshQDoQw4qcgjsU9VvlCew==",
      "dependencies": [
        "@swc/core",
        "vite@6.0.2"
      ]
    },
    "@webgpu/types@0.1.51": {
      "integrity": "sha512-ktR3u64NPjwIViNCck+z9QeyN0iPkQCUOQ07ZCV1RzlkfP+olLTeEZ95O1QHS+v4w9vJeY9xj/uJuSphsHy5rQ=="
    },
    "acorn-typescript@1.4.13_acorn@8.14.0": {
      "integrity": "sha512-xsc9Xv0xlVfwp2o7sQ+GCQ1PgbkdcpWdTzrwXxO3xDMTAywVS3oXVOcOHuRjAPkS4P9b+yc/qNF15460v+jp4Q==",
      "dependencies": [
        "acorn"
      ]
    },
    "acorn@8.14.0": {
      "integrity": "sha512-cl669nCJTZBsL97OF4kUQm5g5hC2uihk0NxY3WENAC0TYdILVkAyHymAntgxGkl7K+t0cXIrH5siy5S4XkFycA=="
    },
    "aria-query@5.3.2": {
      "integrity": "sha512-COROpnaoap1E2F000S62r6A60uHZnmlvomhfyT2DlTcrY1OrBKn2UhH7qn5wTC9zMvD0AY7csdPSNwKP+7WiQw=="
    },
    "axobject-query@4.1.0": {
      "integrity": "sha512-qIj0G9wZbMGNLjLmg1PT6v2mE9AH2zlnADJD/2tC6E00hgmhUOfEB6greHPAfLRSufHqROIUTkw6E+M3lH0PTQ=="
    },
    "base64-js@1.5.1": {
      "integrity": "sha512-AKpaYlHn8t4SVbOHCy+b5+KKgvR4vrsD8vbvrbiQJps7fKDTkjkDry6ji0rUJjC0kzbNePLwzxq8iypo41qeWA=="
    },
    "bidi-js@1.0.3": {
      "integrity": "sha512-RKshQI1R3YQ+n9YJz2QQ147P66ELpa1FQEg20Dk8oW9t2KgLbpDLLp9aGZ7y8WHSshDknG0bknqGw5/tyCs5tw==",
      "dependencies": [
        "require-from-string"
      ]
    },
    "buffer@6.0.3": {
      "integrity": "sha512-FTiCpNxtwiZZHEZbcbTIcZjERVICn9yq/pDFkTl95/AxzD1naBctN7YO68riM/gLSDY7sdrMby8hofADYuuqOA==",
      "dependencies": [
        "base64-js",
        "ieee754"
      ]
    },
    "camera-controls@2.9.0_three@0.171.0": {
      "integrity": "sha512-TpCujnP0vqPppTXXJRYpvIy0xq9Tro6jQf2iYUxlDpPCNxkvE/XGaTuwIxnhINOkVP/ob2CRYXtY3iVYXeMEzA==",
      "dependencies": [
        "three"
      ]
    },
    "cross-env@7.0.3": {
      "integrity": "sha512-+/HKd6EgcQCJGh2PSjZuUitQBQynKor4wrFbRg4DtAgS1aWO+gU52xpH7M9ScGgXSYmAVS9bIJ8EzuaGw0oNAw==",
      "dependencies": [
        "cross-spawn"
      ]
    },
    "cross-spawn@7.0.5": {
      "integrity": "sha512-ZVJrKKYunU38/76t0RMOulHOnUcbU9GbpWKAOZ0mhjr7CX6FVrH+4FrAapSOekrgFQ3f/8gwMEuIft0aKq6Hug==",
      "dependencies": [
        "path-key",
        "shebang-command",
        "which"
      ]
    },
    "csstype@3.1.3": {
      "integrity": "sha512-M1uQkMl8rQK/szD0LNhtqxIPLpimGm8sOBwU7lLnCpSbTyY3yeU1Vc7l4KT5zT4s/yOxHH5O7tIuuLOCnLADRw=="
    },
    "debounce@1.2.1": {
      "integrity": "sha512-XRRe6Glud4rd/ZGQfiV1ruXSfbvfJedlV9Y6zOlP+2K04vBYiJEte6stfFkCP03aMnY5tsipamumUjL14fofug=="
    },
    "detect-gpu@5.0.59": {
      "integrity": "sha512-tBS01N6Lu7D2T6nmoA5or39u12PqtmO4RPCSfgvbgcOUGPhExU8RDiyUiT3iVxCKX9XTxIM1k+mVaeirLv6pwA==",
      "dependencies": [
        "webgl-constants"
      ]
    },
    "detect-libc@1.0.3": {
      "integrity": "sha512-pGjwhsmsp4kL2RTz08wcOlGN83otlqHeD/Z5T8GXZB+/YcpQ/dgo+lbU8ZsGxV0HIvqqxo9l7mqYwyYMD9bKDg=="
    },
    "draco3d@1.5.7": {
      "integrity": "sha512-m6WCKt/erDXcw+70IJXnG7M3awwQPAsZvJGX5zY7beBqpELw6RDGkYVU0W43AFxye4pDZ5i2Lbyc/NNGqwjUVQ=="
    },
    "enhanced-resolve@5.17.1": {
      "integrity": "sha512-LMHl3dXhTcfv8gM4kEzIUeTQ+7fpdA0l2tUf34BddXPkz2A5xJ5L/Pchd5BL6rdccM9QGvu0sWZzK1Z1t4wwyg==",
      "dependencies": [
        "graceful-fs",
        "tapable"
      ]
    },
    "esbuild@0.21.5": {
      "integrity": "sha512-mg3OPMV4hXywwpoDxu3Qda5xCKQi+vCTZq8S9J/EpkhB2HzKXq4SNFZE3+NK93JYxc8VMSep+lOUSC/RVKaBqw==",
      "dependencies": [
        "@esbuild/aix-ppc64@0.21.5",
        "@esbuild/android-arm@0.21.5",
        "@esbuild/android-arm64@0.21.5",
        "@esbuild/android-x64@0.21.5",
        "@esbuild/darwin-arm64@0.21.5",
        "@esbuild/darwin-x64@0.21.5",
        "@esbuild/freebsd-arm64@0.21.5",
        "@esbuild/freebsd-x64@0.21.5",
        "@esbuild/linux-arm@0.21.5",
        "@esbuild/linux-arm64@0.21.5",
        "@esbuild/linux-ia32@0.21.5",
        "@esbuild/linux-loong64@0.21.5",
        "@esbuild/linux-mips64el@0.21.5",
        "@esbuild/linux-ppc64@0.21.5",
        "@esbuild/linux-riscv64@0.21.5",
        "@esbuild/linux-s390x@0.21.5",
        "@esbuild/linux-x64@0.21.5",
        "@esbuild/netbsd-x64@0.21.5",
        "@esbuild/openbsd-x64@0.21.5",
        "@esbuild/sunos-x64@0.21.5",
        "@esbuild/win32-arm64@0.21.5",
        "@esbuild/win32-ia32@0.21.5",
        "@esbuild/win32-x64@0.21.5"
      ]
    },
    "esbuild@0.24.0": {
      "integrity": "sha512-FuLPevChGDshgSicjisSooU0cemp/sGXR841D5LHMB7mTVOmsEHcAxaH3irL53+8YDIeVNQEySh4DaYU/iuPqQ==",
      "dependencies": [
        "@esbuild/aix-ppc64@0.24.0",
        "@esbuild/android-arm@0.24.0",
        "@esbuild/android-arm64@0.24.0",
        "@esbuild/android-x64@0.24.0",
        "@esbuild/darwin-arm64@0.24.0",
        "@esbuild/darwin-x64@0.24.0",
        "@esbuild/freebsd-arm64@0.24.0",
        "@esbuild/freebsd-x64@0.24.0",
        "@esbuild/linux-arm@0.24.0",
        "@esbuild/linux-arm64@0.24.0",
        "@esbuild/linux-ia32@0.24.0",
        "@esbuild/linux-loong64@0.24.0",
        "@esbuild/linux-mips64el@0.24.0",
        "@esbuild/linux-ppc64@0.24.0",
        "@esbuild/linux-riscv64@0.24.0",
        "@esbuild/linux-s390x@0.24.0",
        "@esbuild/linux-x64@0.24.0",
        "@esbuild/netbsd-x64@0.24.0",
        "@esbuild/openbsd-arm64",
        "@esbuild/openbsd-x64@0.24.0",
        "@esbuild/sunos-x64@0.24.0",
        "@esbuild/win32-arm64@0.24.0",
        "@esbuild/win32-ia32@0.24.0",
        "@esbuild/win32-x64@0.24.0"
      ]
    },
    "esm-env@1.2.1": {
      "integrity": "sha512-U9JedYYjCnadUlXk7e1Kr+aENQhtUaoaV9+gZm1T8LC/YBAPJx3NSPIAurFOC0U5vrdSevnUJS2/wUVxGwPhng=="
    },
    "esrap@1.2.3": {
      "integrity": "sha512-ZlQmCCK+n7SGoqo7DnfKaP1sJZa49P01/dXzmjCASSo04p72w8EksT2NMK8CEX8DhKsfJXANioIw8VyHNsBfvQ==",
      "dependencies": [
        "@jridgewell/sourcemap-codec",
        "@types/estree"
      ]
    },
    "fflate@0.6.10": {
      "integrity": "sha512-IQrh3lEPM93wVCEczc9SaAOvkmcoQn/G8Bo1e8ZPlY3X3bnAxWaBdvTdvM1hP62iZp0BXWDy4vTAy4fF0+Dlpg=="
    },
    "fflate@0.8.2": {
      "integrity": "sha512-cPJU47OaAoCbg0pBvzsgpTPhmhqI5eJjh/JIu8tPj5q+T7iLvW/JAYUqmE7KOB4R1ZyEhzBaIQpQpardBF5z8A=="
    },
    "fsevents@2.3.3": {
      "integrity": "sha512-5xoDfX+fL7faATnagmWPpbFtwh/R77WmMMqqHGS65C3vvB0YHrgF+B1YmZ3441tMj5n63k0212XNoJwzlhffQw=="
    },
    "glsl-noise@0.0.0": {
      "integrity": "sha512-b/ZCF6amfAUb7dJM/MxRs7AetQEahYzJ8PtgfrmEdtw6uyGOr+ZSGtgjFm6mfsBkxJ4d2W7kg+Nlqzqvn3Bc0w=="
    },
    "graceful-fs@4.2.11": {
      "integrity": "sha512-RbJ5/jmFcNNCcDV5o9eTnBLJ/HszWV0P73bc+Ff4nS/rJj+YaS6IGyiOL0VoBYX+l1Wrl3k63h/KrH+nhJ0XvQ=="
    },
    "hls.js@1.5.17": {
      "integrity": "sha512-wA66nnYFvQa1o4DO/BFgLNRKnBTVXpNeldGRBJ2Y0SvFtdwvFKCbqa9zhHoZLoxHhZ+jYsj3aIBkWQQCPNOhMw=="
    },
    "ieee754@1.2.1": {
      "integrity": "sha512-dcyqhDvX1C46lXZcVqCpK+FtMRQVdIMN6/Df5js2zouUsqG7I6sFxitIC+7KYK29KdXOLHdu9zL4sFnoVQnqaA=="
    },
    "immediate@3.0.6": {
      "integrity": "sha512-XXOFtyqDjNDAQxVfYxuF7g9Il/IbWmmlQg2MYKOH8ExIT1qg6xc4zyS3HaEEATgs1btfzxq15ciUiY7gjSXRGQ=="
    },
    "is-promise@2.2.2": {
      "integrity": "sha512-+lP4/6lKUBfQjZ2pdxThZvLUAafmZb8OAxFb8XXtiQmS35INgr85hdOGoEs124ez1FCnZJt6jau/T+alh58QFQ=="
    },
    "is-reference@3.0.3": {
      "integrity": "sha512-ixkJoqQvAP88E6wLydLGGqCJsrFUnqoH6HnaczB8XmDH1oaWU+xxdptvikTgaEhtZ53Ky6YXiBuUI2WXLMCwjw==",
      "dependencies": [
        "@types/estree"
      ]
    },
    "isexe@2.0.0": {
      "integrity": "sha512-RHxMLp9lnKHGHRng9QFhRCMbYAcVpn69smSGcq3f36xjgVVWThj4qqLbTLlq7Ssj8B+fIQ1EuCEGI2lKsyQeIw=="
    },
    "its-fine@1.2.5_react@18.3.1": {
      "integrity": "sha512-fXtDA0X0t0eBYAGLVM5YsgJGsJ5jEmqZEPrGbzdf5awjv0xE7nqv3TVnvtUF060Tkes15DbDAKW/I48vsb6SyA==",
      "dependencies": [
        "@types/react-reconciler@0.28.8",
        "react"
      ]
    },
    "jiti@2.4.1": {
      "integrity": "sha512-yPBThwecp1wS9DmoA4x4KR2h3QoslacnDR8ypuFM962kI4/456Iy1oHx2RAgh4jfZNdn0bctsdadceiBUgpU1g=="
    },
    "js-tokens@4.0.0": {
      "integrity": "sha512-RdJUflcE3cUzKiMqQgsCu06FPu9UdIJO0beYbPhHN4k6apgJtifcoCtT9bcxOpYBtpD2kCM6Sbzg4CausW/PKQ=="
    },
    "lie@3.3.0": {
      "integrity": "sha512-UaiMJzeWRlEujzAuw5LokY1L5ecNQYZKfmyZ9L7wDHb/p5etKaxXhohBcrw0EYby+G/NA52vRSN4N39dxHAIwQ==",
      "dependencies": [
        "immediate"
      ]
    },
    "lightningcss-darwin-arm64@1.28.2": {
      "integrity": "sha512-/8cPSqZiusHSS+WQz0W4NuaqFjquys1x+NsdN/XOHb+idGHJSoJ7SoQTVl3DZuAgtPZwFZgRfb/vd1oi8uX6+g=="
    },
    "lightningcss-darwin-x64@1.28.2": {
      "integrity": "sha512-R7sFrXlgKjvoEG8umpVt/yutjxOL0z8KWf0bfPT3cYMOW4470xu5qSHpFdIOpRWwl3FKNMUdbKtMUjYt0h2j4g=="
    },
    "lightningcss-freebsd-x64@1.28.2": {
      "integrity": "sha512-l2qrCT+x7crAY+lMIxtgvV10R8VurzHAoUZJaVFSlHrN8kRLTvEg9ObojIDIexqWJQvJcVVV3vfzsEynpiuvgA=="
    },
    "lightningcss-linux-arm-gnueabihf@1.28.2": {
      "integrity": "sha512-DKMzpICBEKnL53X14rF7hFDu8KKALUJtcKdFUCW5YOlGSiwRSgVoRjM97wUm/E0NMPkzrTi/rxfvt7ruNK8meg=="
    },
    "lightningcss-linux-arm64-gnu@1.28.2": {
      "integrity": "sha512-nhfjYkfymWZSxdtTNMWyhFk2ImUm0X7NAgJWFwnsYPOfmtWQEapzG/DXZTfEfMjSzERNUNJoQjPAbdqgB+sjiw=="
    },
    "lightningcss-linux-arm64-musl@1.28.2": {
      "integrity": "sha512-1SPG1ZTNnphWvAv8RVOymlZ8BDtAg69Hbo7n4QxARvkFVCJAt0cgjAw1Fox0WEhf4PwnyoOBaVH0Z5YNgzt4dA=="
    },
    "lightningcss-linux-x64-gnu@1.28.2": {
      "integrity": "sha512-ZhQy0FcO//INWUdo/iEdbefntTdpPVQ0XJwwtdbBuMQe+uxqZoytm9M+iqR9O5noWFaxK+nbS2iR/I80Q2Ofpg=="
    },
    "lightningcss-linux-x64-musl@1.28.2": {
      "integrity": "sha512-alb/j1NMrgQmSFyzTbN1/pvMPM+gdDw7YBuQ5VSgcFDypN3Ah0BzC2dTZbzwzaMdUVDszX6zH5MzjfVN1oGuww=="
    },
    "lightningcss-win32-arm64-msvc@1.28.2": {
      "integrity": "sha512-WnwcjcBeAt0jGdjlgbT9ANf30pF0C/QMb1XnLnH272DQU8QXh+kmpi24R55wmWBwaTtNAETZ+m35ohyeMiNt+g=="
    },
    "lightningcss-win32-x64-msvc@1.28.2": {
      "integrity": "sha512-3piBifyT3avz22o6mDKywQC/OisH2yDK+caHWkiMsF82i3m5wDBadyCjlCQ5VNgzYkxrWZgiaxHDdd5uxsi0/A=="
    },
    "lightningcss@1.28.2": {
      "integrity": "sha512-ePLRrbt3fgjXI5VFZOLbvkLD5ZRuxGKm+wJ3ujCqBtL3NanDHPo/5zicR5uEKAPiIjBYF99BM4K4okvMznjkVA==",
      "dependencies": [
        "detect-libc",
        "lightningcss-darwin-arm64",
        "lightningcss-darwin-x64",
        "lightningcss-freebsd-x64",
        "lightningcss-linux-arm-gnueabihf",
        "lightningcss-linux-arm64-gnu",
        "lightningcss-linux-arm64-musl",
        "lightningcss-linux-x64-gnu",
        "lightningcss-linux-x64-musl",
        "lightningcss-win32-arm64-msvc",
        "lightningcss-win32-x64-msvc"
      ]
    },
    "locate-character@3.0.0": {
      "integrity": "sha512-SW13ws7BjaeJ6p7Q6CO2nchbYEc3X3J6WrmTTDto7yMPqVSZTUyY5Tjbid+Ab8gLnATtygYtiDIJGQRRn2ZOiA=="
    },
    "loose-envify@1.4.0": {
      "integrity": "sha512-lyuxPGr/Wfhrlem2CL/UcnUc1zcqKAImBDzukY7Y5F/yQiNdko6+fRLevlw1HgMySw7f611UIY408EtxRSoK3Q==",
      "dependencies": [
        "js-tokens"
      ]
    },
    "maath@0.10.8_@types+three@0.170.0_three@0.171.0": {
      "integrity": "sha512-tRvbDF0Pgqz+9XUa4jjfgAQ8/aPKmQdWXilFu2tMy4GWj4NOsx99HlULO4IeREfbO3a0sA145DZYyvXPkybm0g==",
      "dependencies": [
        "@types/three",
        "three"
      ]
    },
    "magic-string@0.30.14": {
      "integrity": "sha512-5c99P1WKTed11ZC0HMJOj6CDIue6F8ySu+bJL+85q1zBEIY8IklrJ1eiKC2NDRh3Ct3FcvmJPyQHb9erXMTJNw==",
      "dependencies": [
        "@jridgewell/sourcemap-codec"
      ]
    },
    "meshline@3.3.1_three@0.171.0": {
      "integrity": "sha512-/TQj+JdZkeSUOl5Mk2J7eLcYTLiQm2IDzmlSvYm7ov15anEcDJ92GHqqazxTSreeNgfnYu24kiEvvv0WlbCdFQ==",
      "dependencies": [
        "three"
      ]
    },
    "meshoptimizer@0.18.1": {
      "integrity": "sha512-ZhoIoL7TNV4s5B6+rx5mC//fw8/POGyNxS/DZyCJeiZ12ScLfVwRE/GfsxwiTkMYYD5DmK2/JXnEVXqL4rF+Sw=="
    },
    "nanoid@3.3.8": {
      "integrity": "sha512-WNLf5Sd8oZxOm+TzppcYk8gVOgP+l58xNy58D0nbUnOxOWRWvlcCV4kUF7ltmI6PsrLl/BgKEyS4mqsGChFN0w=="
    },
    "object-assign@4.1.1": {
      "integrity": "sha512-rJgTQnkUnH1sFw8yT6VSU3zD3sWmu6sZhIseY8VX+GRu3P6F7Fu+JNDoXfklElbLJSnc3FUQHVe4cU5hj+BcUg=="
    },
    "path-key@3.1.1": {
      "integrity": "sha512-ojmeN0qd+y0jszEtoY48r0Peq5dwMEkIlCOu6Q5f41lfkswXuKtYrhgoTpLnyIcHm24Uhqx+5Tqm2InSwLhE6Q=="
    },
    "picocolors@1.1.1": {
      "integrity": "sha512-xceH2snhtb5M9liqDsmEw56le376mTZkEX/jEb/RxNFyegNul7eNslCXP9FDj/Lcu0X8KEyMceP2ntpaHrDEVA=="
    },
    "postcss@8.4.49": {
      "integrity": "sha512-OCVPnIObs4N29kxTjzLfUryOkvZEq+pf8jTF0lg8E7uETuWHA+v7j3c/xJmiqpX450191LlmZfUKkXxkTry7nA==",
      "dependencies": [
        "nanoid",
        "picocolors",
        "source-map-js"
      ]
    },
    "potpack@1.0.2": {
      "integrity": "sha512-choctRBIV9EMT9WGAZHn3V7t0Z2pMQyl0EZE6pFc/6ml3ssw7Dlf/oAOvFwjm1HVsqfQN8GfeFyJ+d8tRzqueQ=="
    },
    "promise-worker-transferable@1.0.4": {
      "integrity": "sha512-bN+0ehEnrXfxV2ZQvU2PetO0n4gqBD4ulq3MI1WOPLgr7/Mg9yRQkX5+0v1vagr74ZTsl7XtzlaYDo2EuCeYJw==",
      "dependencies": [
        "is-promise",
        "lie"
      ]
    },
    "prop-types@15.8.1": {
      "integrity": "sha512-oj87CgZICdulUohogVAR7AjlC0327U4el4L6eAvOqCeudMDVU0NThNaV+b9Df4dXgSP1gXMTnPdhfe/2qDH5cg==",
      "dependencies": [
        "loose-envify",
        "object-assign",
        "react-is"
      ]
    },
    "react-composer@5.0.3_react@18.3.1": {
      "integrity": "sha512-1uWd07EME6XZvMfapwZmc7NgCZqDemcvicRi3wMJzXsQLvZ3L7fTHVyPy1bZdnWXM4iPjYuNE+uJ41MLKeTtnA==",
      "dependencies": [
        "prop-types",
        "react"
      ]
    },
    "react-dom@18.3.1_react@18.3.1": {
      "integrity": "sha512-5m4nQKp+rZRb09LNH59GM4BxTh9251/ylbKIbpe7TpGxfJ+9kv6BLkLBXIjjspbgbnIBNqlI23tRnTWT0snUIw==",
      "dependencies": [
        "loose-envify",
        "react",
        "scheduler@0.23.2"
      ]
    },
    "react-is@16.13.1": {
      "integrity": "sha512-24e6ynE2H+OKt4kqsOvNd8kBpV65zoxbA4BVsEOB3ARVWQki/DHzaUoC5KuON/BiccDaCCTZBuOcfZs70kR8bQ=="
    },
    "react-reconciler@0.27.0_react@18.3.1": {
      "integrity": "sha512-HmMDKciQjYmBRGuuhIaKA1ba/7a+UsM5FzOZsMO2JYHt9Jh8reCb7j1eDC95NOyUlKM9KRyvdx0flBuDvYSBoA==",
      "dependencies": [
        "loose-envify",
        "react",
        "scheduler@0.21.0"
      ]
    },
    "react@18.3.1": {
      "integrity": "sha512-wS+hAgJShR0KhEvPJArfuPVN1+Hz1t0Y6n5jLrGQbkb4urgPE/0Rve+1kMB1v/oWgHgm4WIcV+i7F2pTVj+2iQ==",
      "dependencies": [
        "loose-envify"
      ]
    },
    "regenerator-runtime@0.14.1": {
      "integrity": "sha512-dYnhHh0nJoMfnkZs6GmmhFknAGRrLznOu5nc9ML+EJxGvrx6H7teuevqVqCuPcPK//3eDrrjQhehXVx9cnkGdw=="
    },
    "require-from-string@2.0.2": {
      "integrity": "sha512-Xf0nWe6RseziFMu+Ap9biiUbmplq6S9/p+7w7YXP/JBHhrUDDUhwa+vANyubuqfZWTveU//DYVGsDG7RKL/vEw=="
    },
    "rollup@4.28.0": {
      "integrity": "sha512-G9GOrmgWHBma4YfCcX8PjH0qhXSdH8B4HDE2o4/jaxj93S4DPCIDoLcXz99eWMji4hB29UFCEd7B2gwGJDR9cQ==",
      "dependencies": [
        "@rollup/rollup-android-arm-eabi",
        "@rollup/rollup-android-arm64",
        "@rollup/rollup-darwin-arm64",
        "@rollup/rollup-darwin-x64",
        "@rollup/rollup-freebsd-arm64",
        "@rollup/rollup-freebsd-x64",
        "@rollup/rollup-linux-arm-gnueabihf",
        "@rollup/rollup-linux-arm-musleabihf",
        "@rollup/rollup-linux-arm64-gnu",
        "@rollup/rollup-linux-arm64-musl",
        "@rollup/rollup-linux-powerpc64le-gnu",
        "@rollup/rollup-linux-riscv64-gnu",
        "@rollup/rollup-linux-s390x-gnu",
        "@rollup/rollup-linux-x64-gnu",
        "@rollup/rollup-linux-x64-musl",
        "@rollup/rollup-win32-arm64-msvc",
        "@rollup/rollup-win32-ia32-msvc",
        "@rollup/rollup-win32-x64-msvc",
        "@types/estree",
        "fsevents"
      ]
    },
    "scheduler@0.21.0": {
      "integrity": "sha512-1r87x5fz9MXqswA2ERLo0EbOAU74DpIUO090gIasYTqlVoJeMcl+Z1Rg7WHz+qtPujhS/hGIt9kxZOYBV3faRQ==",
      "dependencies": [
        "loose-envify"
      ]
    },
    "scheduler@0.23.2": {
      "integrity": "sha512-UOShsPwz7NrMUqhR6t0hWjFduvOzbtv7toDH1/hIrfRNIDBnnBWd0CwJTGvTpngVlmwGCdP9/Zl/tVrDqcuYzQ==",
      "dependencies": [
        "loose-envify"
      ]
    },
    "shebang-command@2.0.0": {
      "integrity": "sha512-kHxr2zZpYtdmrN1qDjrrX/Z1rR1kG8Dx+gkpK1G4eXmvXswmcE1hTWBWYUzlraYw1/yZp6YuDY77YtvbN0dmDA==",
      "dependencies": [
        "shebang-regex"
      ]
    },
    "shebang-regex@3.0.0": {
      "integrity": "sha512-7++dFhtcx3353uBaq8DDR4NuxBetBzC7ZQOhmTQInHEd6bSrXdiEyzCvG07Z44UYdLShWUyXt5M/yhz8ekcb1A=="
    },
    "source-map-js@1.2.1": {
      "integrity": "sha512-UXWMKhLOwVKb728IUtQPXxfYU+usdybtUrK/8uGE8CQMvrhOpwvzDBwj0QhSL7MQc7vIsISBG8VQ8+IDQxpfQA=="
    },
    "stats-gl@2.4.2_@types+three@0.170.0_three@0.171.0": {
      "integrity": "sha512-g5O9B0hm9CvnM36+v7SFl39T7hmAlv541tU81ME8YeSb3i1CIP5/QdDeSB3A0la0bKNHpxpwxOVRo2wFTYEosQ==",
      "dependencies": [
        "@types/three",
        "three"
      ]
    },
    "stats.js@0.17.0": {
      "integrity": "sha512-hNKz8phvYLPEcRkeG1rsGmV5ChMjKDAWU7/OJJdDErPBNChQXxCo3WZurGpnWc6gZhAzEPFad1aVgyOANH1sMw=="
    },
    "suspend-react@0.1.3_react@18.3.1": {
      "integrity": "sha512-aqldKgX9aZqpoDp3e8/BZ8Dm7x1pJl+qI3ZKxDN0i/IQTWUwBx/ManmlVJ3wowqbno6c2bmiIfs+Um6LbsjJyQ==",
      "dependencies": [
        "react"
      ]
    },
    "svelte-preprocess@6.0.3_svelte@5.5.3__acorn@8.14.0": {
      "integrity": "sha512-PLG2k05qHdhmRG7zR/dyo5qKvakhm8IJ+hD2eFRQmMLHp7X3eJnjeupUtvuRpbNiF31RjVw45W+abDwHEmP5OA==",
      "dependencies": [
        "svelte"
      ]
    },
    "svelte@5.5.3_acorn@8.14.0": {
      "integrity": "sha512-0j7XTSg5iXcLNCFcEsIZPtHO7SQeE0KgMcyF1K4K7HkjdKVPumz7dnxeXq5lGJRHfVAMZKqpEJ46rPKPKRJ57Q==",
      "dependencies": [
        "@ampproject/remapping",
        "@jridgewell/sourcemap-codec",
        "@types/estree",
        "acorn",
        "acorn-typescript",
        "aria-query",
        "axobject-query",
        "esm-env",
        "esrap",
        "is-reference",
        "locate-character",
        "magic-string",
        "zimmerframe"
      ]
    },
    "tailwindcss@4.0.0-beta.4": {
      "integrity": "sha512-mkjpwMyaHCa3L5HmRjYyY8w8D+7brxwbM7YQxH8QeEFtCURd5fvdHIC9TEpIaL1X49vhl8cuOFY6Nhi6sCsI5w=="
    },
    "tapable@2.2.1": {
      "integrity": "sha512-GNzQvQTOIP6RyTfE2Qxb8ZVlNmw0n88vp1szwWRimP02mnTsx3Wtn5qRdqY9w2XduFNUgvOwhNnQsjwCp+kqaQ=="
    },
    "three-mesh-bvh@0.7.8_three@0.171.0": {
      "integrity": "sha512-BGEZTOIC14U0XIRw3tO4jY7IjP7n7v24nv9JXS1CyeVRWOCkcOMhRnmENUjuV39gktAw4Ofhr0OvIAiTspQrrw==",
      "dependencies": [
        "three"
      ]
    },
    "three-stdlib@2.34.0_three@0.171.0": {
      "integrity": "sha512-U5qJYWgUKBFJqr1coMSbczA964uvouzBjQbtJlaI9LfMwy7hr+kc1Mfh0gqi/2872KmGu9utgff6lj8Oti8+VQ==",
      "dependencies": [
        "@types/draco3d",
        "@types/offscreencanvas",
        "@types/webxr",
        "draco3d",
        "fflate@0.6.10",
        "potpack",
        "three"
      ]
    },
    "three@0.171.0": {
      "integrity": "sha512-Y/lAXPaKZPcEdkKjh0JOAHVv8OOnv/NDJqm0wjfCzyQmfKxV7zvkwsnBgPBKTzJHToSOhRGQAGbPJObT59B/PQ=="
    },
    "troika-three-text@0.52.2_three@0.171.0": {
      "integrity": "sha512-UGYwjKnR8RgmyOIpo0/KiSW0wySQ155BQXNLoSWA1liKzXG+RyHM+dvTIDawHGVQcqjqyunFlVY32xm/HDqjpw==",
      "dependencies": [
        "bidi-js",
        "three",
        "troika-three-utils",
        "troika-worker-utils",
        "webgl-sdf-generator"
      ]
    },
    "troika-three-utils@0.52.0_three@0.171.0": {
      "integrity": "sha512-00oxqIIehtEKInOTQekgyknBuRUj1POfOUE2q1OmL+Xlpp4gIu+S0oA0schTyXsDS4d9DkR04iqCdD40rF5R6w==",
      "dependencies": [
        "three"
      ]
    },
    "troika-worker-utils@0.52.0": {
      "integrity": "sha512-W1CpvTHykaPH5brv5VHLfQo9D1OYuo0cSBEUQFFT/nBUzM8iD6Lq2/tgG/f1OelbAS1WtaTPQzE5uM49egnngw=="
    },
    "tunnel-rat@0.1.2_@types+react@18.3.12_react@18.3.1": {
      "integrity": "sha512-lR5VHmkPhzdhrM092lI2nACsLO4QubF0/yoOhzX7c+wIpbN1GjHNzCc91QlpxBi+cnx8vVJ+Ur6vL5cEoQPFpQ==",
      "dependencies": [
        "zustand@4.5.5_@types+react@18.3.12_react@18.3.1"
      ]
    },
    "undici-types@6.19.8": {
      "integrity": "sha512-ve2KP6f/JnbPBFyobGHuerC9g1FYGn/F8n1LWTwNxCEzd6IfqTwUQcNXgEtmmQ6DlRrC1hrSrBnCZPokRrDHjw=="
    },
    "use-sync-external-store@1.2.2_react@18.3.1": {
      "integrity": "sha512-PElTlVMwpblvbNqQ82d2n6RjStvdSoNe9FG28kNfz3WiXilJm4DdNkEzRhCZuIDwY8U08WVihhGR5iRqAwfDiw==",
      "dependencies": [
        "react"
      ]
    },
    "utility-types@3.11.0": {
      "integrity": "sha512-6Z7Ma2aVEWisaL6TvBCy7P8rm2LQoPv6dJ7ecIaIixHcwfbJ0x7mWdbcwlIM5IGQxPZSFYeqRCqlOOeKoJYMkw=="
    },
    "uuid@9.0.1": {
      "integrity": "sha512-b+1eJOlsR9K8HJpow9Ok3fiWOWSIcIzXodvv0rQjVoOVNpWMpxf1wZNpt4y9h10odCNrqnYp1OBzRktckBe3sA=="
    },
    "vite@5.4.11": {
      "integrity": "sha512-c7jFQRklXua0mTzneGW9QVyxFjUgwcihC4bXEtujIo2ouWCe1Ajt/amn2PCxYnhYfd5k09JX3SB7OYWFKYqj8Q==",
      "dependencies": [
        "esbuild@0.21.5",
        "fsevents",
        "postcss",
        "rollup"
      ]
    },
    "vite@5.4.11_@types+node@22.5.4_lightningcss@1.28.2": {
      "integrity": "sha512-c7jFQRklXua0mTzneGW9QVyxFjUgwcihC4bXEtujIo2ouWCe1Ajt/amn2PCxYnhYfd5k09JX3SB7OYWFKYqj8Q==",
      "dependencies": [
        "@types/node",
        "esbuild@0.21.5",
        "fsevents",
        "lightningcss",
        "postcss",
        "rollup"
      ]
    },
    "vite@6.0.2": {
      "integrity": "sha512-XdQ+VsY2tJpBsKGs0wf3U/+azx8BBpYRHFAyKm5VeEZNOJZRB63q7Sc8Iup3k0TrN3KO6QgyzFf+opSbfY1y0g==",
      "dependencies": [
        "esbuild@0.24.0",
        "fsevents",
        "postcss",
        "rollup"
      ]
    },
    "webgl-constants@1.1.1": {
      "integrity": "sha512-LkBXKjU5r9vAW7Gcu3T5u+5cvSvh5WwINdr0C+9jpzVB41cjQAP5ePArDtk/WHYdVj0GefCgM73BA7FlIiNtdg=="
    },
    "webgl-sdf-generator@1.1.1": {
      "integrity": "sha512-9Z0JcMTFxeE+b2x1LJTdnaT8rT8aEp7MVxkNwoycNmJWwPdzoXzMh0BjJSh/AEFP+KPYZUli814h8bJZFIZ2jA=="
    },
    "which@2.0.2": {
      "integrity": "sha512-BLI3Tl1TW3Pvl70l3yq3Y64i+awpwXqsGBYWkkqMtnbXgrMD+yj7rhW0kuEDxzJaYXGjEW5ogapKNMEKNMjibA==",
      "dependencies": [
        "isexe"
      ]
    },
    "zimmerframe@1.1.2": {
      "integrity": "sha512-rAbqEGa8ovJy4pyBxZM70hg4pE6gDgaQ0Sl9M3enG3I0d6H4XSAM3GeNGLKnsBpuijUow064sf7ww1nutC5/3w=="
    },
    "zustand@3.7.2_react@18.3.1": {
      "integrity": "sha512-PIJDIZKtokhof+9+60cpockVOq05sJzHCriyvaLBmEJixseQ1a5Kdov6fWZfWOu5SK9c+FhH1jU0tntLxRJYMA==",
      "dependencies": [
        "react"
      ]
    },
    "zustand@4.5.5_@types+react@18.3.12_react@18.3.1": {
      "integrity": "sha512-+0PALYNJNgK6hldkgDq2vLrw5f6g/jCInz52n9RTpropGgeAf/ioFUCdtsjCqu4gNhW9D01rUQBROoRjdzyn2Q==",
      "dependencies": [
        "@types/react",
        "react",
        "use-sync-external-store"
      ]
    },
    "zustand@5.0.1_@types+react@18.3.12_react@18.3.1": {
      "integrity": "sha512-pRET7Lao2z+n5R/HduXMio35TncTlSW68WsYBq2Lg1ASspsNGjpwLAsij3RpouyV6+kHMwwwzP0bZPD70/Jx/w==",
      "dependencies": [
        "@types/react",
        "react"
      ]
    }
  },
  "workspace": {
    "dependencies": [
      "npm:@deno/vite-plugin@1",
      "npm:@react-three/drei@^9.119.0",
      "npm:@react-three/fiber@^8.17.10",
      "npm:@tailwindcss/vite@^4.0.0-beta.4",
      "npm:@types/react-dom@^18.3.1",
      "npm:@types/react@^18.3.12",
      "npm:@types/three@0.170",
      "npm:@vitejs/plugin-react-swc@^3.7.1",
      "npm:react-dom@^18.3.1",
      "npm:react@^18.3.1",
      "npm:tailwindcss@^4.0.0-beta.4",
      "npm:three@0.171",
      "npm:vite@^6.0.1"
    ]
  }
}
